{
  "name": "@polymer/hd-html",
  "version": "0.0.1",
  "lockfileVersion": 1,
  "requires": true,
  "dependencies": {
    "@types/acorn": {
      "version": "4.0.3",
      "resolved": "https://registry.npmjs.org/@types/acorn/-/acorn-4.0.3.tgz",
      "integrity": "sha512-gou/kWQkGPMZjdCKNZGDpqxLm9+ErG/pFZKPX4tvCjr0Xf4FCYYX3nAsu7aDVKJV3KUe27+mvqqyWT/9VZoM/A==",
      "dev": true,
      "requires": {
        "@types/estree": "0.0.38"
      }
    },
    "@types/escodegen": {
      "version": "0.0.6",
      "resolved": "https://registry.npmjs.org/@types/escodegen/-/escodegen-0.0.6.tgz",
      "integrity": "sha1-UjCpznluBCzabwhtvxnyLqMwZZw=",
      "dev": true
    },
    "@types/estree": {
      "version": "0.0.38",
      "resolved": "https://registry.npmjs.org/@types/estree/-/estree-0.0.38.tgz",
      "integrity": "sha512-F/v7t1LwS4vnXuPooJQGBRKRGIoxWUTmA4VHfqjOccFsNDThD5bfUNpITive6s352O7o384wcpEaDV8rHCehDA==",
      "dev": true
    },
    "@types/events": {
      "version": "1.2.0",
      "resolved": "https://registry.npmjs.org/@types/events/-/events-1.2.0.tgz",
      "integrity": "sha512-KEIlhXnIutzKwRbQkGWb/I4HFqBuUykAdHgDED6xqwXJfONCjF5VoE0cXEiurh3XauygxzeDzgtXUqvLkxFzzA==",
      "dev": true
    },
    "@types/glob": {
      "version": "5.0.35",
      "resolved": "https://registry.npmjs.org/@types/glob/-/glob-5.0.35.tgz",
      "integrity": "sha512-wc+VveszMLyMWFvXLkloixT4n0harUIVZjnpzztaZ0nKLuul7Z32iMt2fUFGAaZ4y1XWjFRMtCI5ewvyh4aIeg==",
      "dev": true,
      "requires": {
        "@types/events": "1.2.0",
        "@types/minimatch": "3.0.3",
        "@types/node": "9.4.7"
      }
    },
    "@types/glob-stream": {
      "version": "6.1.0",
      "resolved": "https://registry.npmjs.org/@types/glob-stream/-/glob-stream-6.1.0.tgz",
      "integrity": "sha512-RHv6ZQjcTncXo3thYZrsbAVwoy4vSKosSWhuhuQxLOTv74OJuFQxXkmUuZCr3q9uNBEVCvIzmZL/FeRNbHZGUg==",
      "dev": true,
      "requires": {
        "@types/glob": "5.0.35",
        "@types/node": "9.4.7"
      }
    },
    "@types/minimatch": {
      "version": "3.0.3",
      "resolved": "https://registry.npmjs.org/@types/minimatch/-/minimatch-3.0.3.tgz",
      "integrity": "sha512-tHq6qdbT9U1IRSGf14CL0pUlULksvY9OZ+5eEgl1N7t+OA3tGvNpxJCzuKQlsNgCVwbAs670L1vcVQi8j9HjnA==",
      "dev": true
    },
    "@types/node": {
      "version": "9.4.7",
      "resolved": "http://registry.npmjs.org/@types/node/-/node-9.4.7.tgz",
      "integrity": "sha512-4Ba90mWNx8ddbafuyGGwjkZMigi+AWfYLSDCpovwsE63ia8w93r3oJ8PIAQc3y8U+XHcnMOHPIzNe3o438Ywcw=="
    },
    "@types/parse5": {
      "version": "2.2.34",
      "resolved": "https://registry.npmjs.org/@types/parse5/-/parse5-2.2.34.tgz",
      "integrity": "sha1-44cKEOgnNacg9i1x3NGDunjvOp0=",
      "requires": {
        "@types/node": "9.4.7"
      }
    },
    "@types/through2": {
      "version": "2.0.33",
      "resolved": "https://registry.npmjs.org/@types/through2/-/through2-2.0.33.tgz",
      "integrity": "sha1-H/LoihAN+1sUDnu5h5HxGUQA0TE=",
      "dev": true,
      "requires": {
        "@types/node": "9.4.7"
      }
    },
    "@types/vinyl": {
      "version": "2.0.2",
      "resolved": "https://registry.npmjs.org/@types/vinyl/-/vinyl-2.0.2.tgz",
      "integrity": "sha512-2iYpNuOl98SrLPBZfEN9Mh2JCJ2EI9HU35SfgBEb51DcmaHkhp8cKMblYeBqMQiwXMgAD3W60DbQ4i/UdLiXhw==",
      "dev": true,
      "requires": {
        "@types/node": "9.4.7"
      }
    },
    "@types/vinyl-fs": {
      "version": "2.4.8",
      "resolved": "https://registry.npmjs.org/@types/vinyl-fs/-/vinyl-fs-2.4.8.tgz",
      "integrity": "sha512-yE2pN9OOrxJVeO7IZLHAHrh5R4Q0osbn5WQRuQU6GdXoK7dNFrMK3K7YhATkzf3z0yQBkol3+gafs7Rp0s7dDg==",
      "dev": true,
      "requires": {
        "@types/glob-stream": "6.1.0",
        "@types/node": "9.4.7",
        "@types/vinyl": "2.0.2"
      }
    },
    "acorn": {
      "version": "5.5.3",
      "resolved": "https://registry.npmjs.org/acorn/-/acorn-5.5.3.tgz",
      "integrity": "sha512-jd5MkIUlbbmb07nXH0DT3y7rDVtkzDi4XZOUVWAer8ajmF/DTSSbl5oNFyDOl/OXA33Bl79+ypHhl2pN20VeOQ=="
    },
    "acorn-import-meta": {
      "version": "0.2.1",
      "resolved": "https://registry.npmjs.org/acorn-import-meta/-/acorn-import-meta-0.2.1.tgz",
      "integrity": "sha512-+KB5Q0P0Q/XpsPHgnLx4XbCGqMogw4yiJJjYsbzPCNrE/IoX+c6J4C+BFcwdWh3CD1zLzMxPITN1jzHd+NiS3w==",
      "requires": {
        "acorn": "5.5.3"
      }
    },
    "append-buffer": {
      "version": "1.0.2",
      "resolved": "https://registry.npmjs.org/append-buffer/-/append-buffer-1.0.2.tgz",
      "integrity": "sha1-2CIM9GYIFSXv6lBhTz3mUU36WPE=",
      "requires": {
        "buffer-equal": "1.0.0"
      }
    },
    "balanced-match": {
      "version": "1.0.0",
      "resolved": "https://registry.npmjs.org/balanced-match/-/balanced-match-1.0.0.tgz",
      "integrity": "sha1-ibTRmasr7kneFk6gK4nORi1xt2c="
    },
    "brace-expansion": {
      "version": "1.1.11",
      "resolved": "https://registry.npmjs.org/brace-expansion/-/brace-expansion-1.1.11.tgz",
      "integrity": "sha512-iCuPHDFgrHX7H2vEI/5xpz07zSHB00TpugqhmYtVmMO6518mCuRMoOYFldEBl0g187ufozdaHgWKcYFb61qGiA==",
      "requires": {
        "balanced-match": "1.0.0",
        "concat-map": "0.0.1"
      }
    },
    "buffer-equal": {
      "version": "1.0.0",
      "resolved": "https://registry.npmjs.org/buffer-equal/-/buffer-equal-1.0.0.tgz",
      "integrity": "sha1-WWFrSYME1Var1GaWayLu2j7KX74="
    },
    "clone": {
      "version": "2.1.1",
      "resolved": "https://registry.npmjs.org/clone/-/clone-2.1.1.tgz",
      "integrity": "sha1-0hfR6WERjjrJpLi7oyhVU79kfNs="
    },
    "clone-buffer": {
      "version": "1.0.0",
      "resolved": "https://registry.npmjs.org/clone-buffer/-/clone-buffer-1.0.0.tgz",
      "integrity": "sha1-4+JbIHrE5wGvch4staFnksrD3Fg="
    },
    "clone-stats": {
      "version": "1.0.0",
      "resolved": "https://registry.npmjs.org/clone-stats/-/clone-stats-1.0.0.tgz",
      "integrity": "sha1-s3gt/4u1R04Yuba/D9/ngvh3doA="
    },
    "cloneable-readable": {
      "version": "1.1.2",
      "resolved": "https://registry.npmjs.org/cloneable-readable/-/cloneable-readable-1.1.2.tgz",
      "integrity": "sha512-Bq6+4t+lbM8vhTs/Bef5c5AdEMtapp/iFb6+s4/Hh9MVTt8OLKH7ZOOZSCT+Ys7hsHvqv0GuMPJ1lnQJVHvxpg==",
      "requires": {
        "inherits": "2.0.3",
        "process-nextick-args": "2.0.0",
        "readable-stream": "2.3.5"
      }
    },
    "concat-map": {
      "version": "0.0.1",
      "resolved": "https://registry.npmjs.org/concat-map/-/concat-map-0.0.1.tgz",
      "integrity": "sha1-2Klr13/Wjfd5OnMDajug1UBdR3s="
    },
    "convert-source-map": {
      "version": "1.5.1",
      "resolved": "https://registry.npmjs.org/convert-source-map/-/convert-source-map-1.5.1.tgz",
      "integrity": "sha1-uCeAl7m8IpNl3lxiz1/K7YtVmeU="
    },
    "core-util-is": {
      "version": "1.0.2",
      "resolved": "https://registry.npmjs.org/core-util-is/-/core-util-is-1.0.2.tgz",
      "integrity": "sha1-tf1UIgqivFq1eqtxQMlAdUUDwac="
    },
    "deep-is": {
      "version": "0.1.3",
      "resolved": "https://registry.npmjs.org/deep-is/-/deep-is-0.1.3.tgz",
      "integrity": "sha1-s2nW+128E+7PUk+RsHD+7cNXzzQ="
    },
    "define-properties": {
      "version": "1.1.2",
      "resolved": "https://registry.npmjs.org/define-properties/-/define-properties-1.1.2.tgz",
      "integrity": "sha1-g6c/L+pWmJj7c3GTyPhzyvbUXJQ=",
      "requires": {
        "foreach": "2.0.5",
        "object-keys": "1.0.11"
      }
    },
    "dom5": {
      "version": "3.0.0",
      "resolved": "https://registry.npmjs.org/dom5/-/dom5-3.0.0.tgz",
      "integrity": "sha512-PbE+7C4Sh1dHDTLNuSDaMUGD1ivDiSZw0L+a9xVUzUKeQ8w3vdzfKHRA07CxcrFZZOa1SGl2nIJ9T49j63q+bg==",
      "requires": {
        "@types/parse5": "2.2.34",
        "clone": "2.1.1",
        "parse5": "4.0.0"
      }
    },
    "duplexify": {
      "version": "3.5.4",
      "resolved": "https://registry.npmjs.org/duplexify/-/duplexify-3.5.4.tgz",
      "integrity": "sha512-JzYSLYMhoVVBe8+mbHQ4KgpvHpm0DZpJuL8PY93Vyv1fW7jYJ90LoXa1di/CVbJM+TgMs91rbDapE/RNIfnJsA==",
      "requires": {
        "end-of-stream": "1.4.1",
        "inherits": "2.0.3",
        "readable-stream": "2.3.5",
        "stream-shift": "1.0.0"
      }
    },
    "end-of-stream": {
      "version": "1.4.1",
      "resolved": "https://registry.npmjs.org/end-of-stream/-/end-of-stream-1.4.1.tgz",
      "integrity": "sha512-1MkrZNvWTKCaigbn+W15elq2BB/L22nqrSY5DKlo3X6+vclJm8Bb5djXJBmEX6fS3+zCh/F4VBK5Z2KxJt4s2Q==",
      "requires": {
        "once": "1.4.0"
      }
    },
    "escodegen": {
      "version": "1.9.1",
      "resolved": "https://registry.npmjs.org/escodegen/-/escodegen-1.9.1.tgz",
      "integrity": "sha512-6hTjO1NAWkHnDk3OqQ4YrCuwwmGHL9S3nPlzBOUG/R44rda3wLNrfvQ5fkSGjyhHFKM7ALPKcKGrwvCLe0lC7Q==",
      "requires": {
        "esprima": "3.1.3",
        "estraverse": "4.2.0",
        "esutils": "2.0.2",
        "optionator": "0.8.2",
        "source-map": "0.6.1"
      }
    },
    "esprima": {
      "version": "3.1.3",
      "resolved": "https://registry.npmjs.org/esprima/-/esprima-3.1.3.tgz",
      "integrity": "sha1-/cpRzuYTOJXjyI1TXOSdv/YqRjM="
    },
    "estraverse": {
      "version": "4.2.0",
      "resolved": "https://registry.npmjs.org/estraverse/-/estraverse-4.2.0.tgz",
      "integrity": "sha1-De4/7TH81GlhjOc0IJn8GvoL2xM="
    },
    "esutils": {
      "version": "2.0.2",
      "resolved": "https://registry.npmjs.org/esutils/-/esutils-2.0.2.tgz",
      "integrity": "sha1-Cr9PHKpbyx96nYrMbepPqqBLrJs="
    },
    "extend": {
      "version": "3.0.1",
      "resolved": "https://registry.npmjs.org/extend/-/extend-3.0.1.tgz",
      "integrity": "sha1-p1Xqe8Gt/MWjHOfnYtuq3F5jZEQ="
    },
    "fast-levenshtein": {
      "version": "2.0.6",
      "resolved": "https://registry.npmjs.org/fast-levenshtein/-/fast-levenshtein-2.0.6.tgz",
      "integrity": "sha1-PYpcZog6FqMMqGQ+hR8Zuqd5eRc="
    },
    "flush-write-stream": {
      "version": "1.0.2",
      "resolved": "https://registry.npmjs.org/flush-write-stream/-/flush-write-stream-1.0.2.tgz",
      "integrity": "sha1-yBuQ2HRnZvGmCaRoCZRsRd2K5Bc=",
      "requires": {
        "inherits": "2.0.3",
        "readable-stream": "2.3.5"
      }
    },
    "foreach": {
      "version": "2.0.5",
      "resolved": "https://registry.npmjs.org/foreach/-/foreach-2.0.5.tgz",
      "integrity": "sha1-C+4AUBiusmDQo6865ljdATbsG5k="
    },
    "fs-mkdirp-stream": {
      "version": "1.0.0",
      "resolved": "https://registry.npmjs.org/fs-mkdirp-stream/-/fs-mkdirp-stream-1.0.0.tgz",
      "integrity": "sha1-C3gV/DIBxqaeFNuYzgmMFpNSWes=",
      "requires": {
        "graceful-fs": "4.1.11",
        "through2": "2.0.3"
      }
    },
    "fs.realpath": {
      "version": "1.0.0",
      "resolved": "https://registry.npmjs.org/fs.realpath/-/fs.realpath-1.0.0.tgz",
      "integrity": "sha1-FQStJSMVjKpA20onh8sBQRmU6k8="
    },
    "function-bind": {
      "version": "1.1.1",
      "resolved": "https://registry.npmjs.org/function-bind/-/function-bind-1.1.1.tgz",
      "integrity": "sha512-yIovAzMX49sF8Yl58fSCWJ5svSLuaibPxXQJFLmBObTuCr0Mf1KiPopGM9NiFjiYBCbfaa2Fh6breQ6ANVTI0A=="
    },
    "glob": {
      "version": "7.1.2",
      "resolved": "https://registry.npmjs.org/glob/-/glob-7.1.2.tgz",
      "integrity": "sha512-MJTUg1kjuLeQCJ+ccE4Vpa6kKVXkPYJ2mOCQyUuKLcLQsdrMCpBPUi8qVE6+YuaJkozeA9NusTAw3hLr8Xe5EQ==",
      "requires": {
        "fs.realpath": "1.0.0",
        "inflight": "1.0.6",
        "inherits": "2.0.3",
        "minimatch": "3.0.4",
        "once": "1.4.0",
        "path-is-absolute": "1.0.1"
      }
    },
    "glob-parent": {
      "version": "3.1.0",
      "resolved": "https://registry.npmjs.org/glob-parent/-/glob-parent-3.1.0.tgz",
      "integrity": "sha1-nmr2KZ2NO9K9QEMIMr0RPfkGxa4=",
      "requires": {
        "is-glob": "3.1.0",
        "path-dirname": "1.0.2"
      }
    },
    "glob-stream": {
      "version": "6.1.0",
      "resolved": "https://registry.npmjs.org/glob-stream/-/glob-stream-6.1.0.tgz",
      "integrity": "sha1-cEXJlBOz65SIjYOrRtC0BMx73eQ=",
      "requires": {
        "extend": "3.0.1",
        "glob": "7.1.2",
        "glob-parent": "3.1.0",
        "is-negated-glob": "1.0.0",
        "ordered-read-streams": "1.0.1",
        "pumpify": "1.4.0",
        "readable-stream": "2.3.5",
        "remove-trailing-separator": "1.1.0",
        "to-absolute-glob": "2.0.2",
        "unique-stream": "2.2.1"
      }
    },
    "graceful-fs": {
      "version": "4.1.11",
      "resolved": "https://registry.npmjs.org/graceful-fs/-/graceful-fs-4.1.11.tgz",
      "integrity": "sha1-Dovf5NHduIVNZOBOp8AOKgJuVlg="
    },
    "has-symbols": {
      "version": "1.0.0",
      "resolved": "https://registry.npmjs.org/has-symbols/-/has-symbols-1.0.0.tgz",
      "integrity": "sha1-uhqPGvKg/DllD1yFA2dwQSIGO0Q="
    },
    "inflight": {
      "version": "1.0.6",
      "resolved": "https://registry.npmjs.org/inflight/-/inflight-1.0.6.tgz",
      "integrity": "sha1-Sb1jMdfQLQwJvJEKEHW6gWW1bfk=",
      "requires": {
        "once": "1.4.0",
        "wrappy": "1.0.2"
      }
    },
    "inherits": {
      "version": "2.0.3",
      "resolved": "https://registry.npmjs.org/inherits/-/inherits-2.0.3.tgz",
      "integrity": "sha1-Yzwsg+PaQqUC9SRmAiSA9CCCYd4="
    },
    "is-absolute": {
      "version": "1.0.0",
      "resolved": "https://registry.npmjs.org/is-absolute/-/is-absolute-1.0.0.tgz",
      "integrity": "sha512-dOWoqflvcydARa360Gvv18DZ/gRuHKi2NU/wU5X1ZFzdYfH29nkiNZsF3mp4OJ3H4yo9Mx8A/uAGNzpzPN3yBA==",
      "requires": {
        "is-relative": "1.0.0",
        "is-windows": "1.0.2"
      }
    },
    "is-buffer": {
      "version": "1.1.6",
      "resolved": "https://registry.npmjs.org/is-buffer/-/is-buffer-1.1.6.tgz",
      "integrity": "sha512-NcdALwpXkTm5Zvvbk7owOUSvVvBKDgKP5/ewfXEznmQFfs4ZRmanOeKBTjRVjka3QFoN6XJ+9F3USqfHqTaU5w=="
    },
    "is-extglob": {
      "version": "2.1.1",
      "resolved": "https://registry.npmjs.org/is-extglob/-/is-extglob-2.1.1.tgz",
      "integrity": "sha1-qIwCU1eR8C7TfHahueqXc8gz+MI="
    },
    "is-glob": {
      "version": "3.1.0",
      "resolved": "https://registry.npmjs.org/is-glob/-/is-glob-3.1.0.tgz",
      "integrity": "sha1-e6WuJCF4BKxwcHuWkiVnSGzD6Eo=",
      "requires": {
        "is-extglob": "2.1.1"
      }
    },
    "is-negated-glob": {
      "version": "1.0.0",
      "resolved": "https://registry.npmjs.org/is-negated-glob/-/is-negated-glob-1.0.0.tgz",
      "integrity": "sha1-aRC8pdqMleeEtXUbl2z1oQ/uNtI="
    },
    "is-relative": {
      "version": "1.0.0",
      "resolved": "https://registry.npmjs.org/is-relative/-/is-relative-1.0.0.tgz",
      "integrity": "sha512-Kw/ReK0iqwKeu0MITLFuj0jbPAmEiOsIwyIXvvbfa6QfmN9pkD1M+8pdk7Rl/dTKbH34/XBFMbgD4iMJhLQbGA==",
      "requires": {
        "is-unc-path": "1.0.0"
      }
    },
    "is-unc-path": {
      "version": "1.0.0",
      "resolved": "https://registry.npmjs.org/is-unc-path/-/is-unc-path-1.0.0.tgz",
      "integrity": "sha512-mrGpVd0fs7WWLfVsStvgF6iEJnbjDFZh9/emhRDcGWTduTfNHd9CHeUwH3gYIjdbwo4On6hunkztwOaAw0yllQ==",
      "requires": {
        "unc-path-regex": "0.1.2"
      }
    },
    "is-utf8": {
      "version": "0.2.1",
      "resolved": "https://registry.npmjs.org/is-utf8/-/is-utf8-0.2.1.tgz",
      "integrity": "sha1-Sw2hRCEE0bM2NA6AeX6GXPOffXI="
    },
    "is-valid-glob": {
      "version": "1.0.0",
      "resolved": "https://registry.npmjs.org/is-valid-glob/-/is-valid-glob-1.0.0.tgz",
      "integrity": "sha1-Kb8+/3Ab4tTTFdusw5vDn+j2Aao="
    },
    "is-windows": {
      "version": "1.0.2",
      "resolved": "https://registry.npmjs.org/is-windows/-/is-windows-1.0.2.tgz",
      "integrity": "sha512-eXK1UInq2bPmjyX6e3VHIzMLobc4J94i4AWn+Hpq3OU5KkrRC96OAcR3PRJ/pGu6m8TRnBHP9dkXQVsT/COVIA=="
    },
    "isarray": {
      "version": "1.0.0",
      "resolved": "https://registry.npmjs.org/isarray/-/isarray-1.0.0.tgz",
      "integrity": "sha1-u5NdSFgsuhaMBoNJV6VKPgcSTxE="
    },
    "json-stable-stringify": {
      "version": "1.0.1",
      "resolved": "https://registry.npmjs.org/json-stable-stringify/-/json-stable-stringify-1.0.1.tgz",
      "integrity": "sha1-mnWdOcXy/1A/1TAGRu1EX4jE+a8=",
      "requires": {
        "jsonify": "0.0.0"
      }
    },
    "jsonify": {
      "version": "0.0.0",
      "resolved": "https://registry.npmjs.org/jsonify/-/jsonify-0.0.0.tgz",
      "integrity": "sha1-LHS27kHZPKUbe1qu6PUDYx0lKnM="
    },
    "lazystream": {
      "version": "1.0.0",
      "resolved": "https://registry.npmjs.org/lazystream/-/lazystream-1.0.0.tgz",
      "integrity": "sha1-9plf4PggOS9hOWvolGJAe7dxaOQ=",
      "requires": {
        "readable-stream": "2.3.5"
      }
    },
    "lead": {
      "version": "1.0.0",
      "resolved": "https://registry.npmjs.org/lead/-/lead-1.0.0.tgz",
      "integrity": "sha1-bxT5mje+Op3XhPVJVpDlkDRm7kI=",
      "requires": {
        "flush-write-stream": "1.0.2"
      }
    },
    "levn": {
      "version": "0.3.0",
      "resolved": "https://registry.npmjs.org/levn/-/levn-0.3.0.tgz",
      "integrity": "sha1-OwmSTt+fCDwEkP3UwLxEIeBHZO4=",
      "requires": {
        "prelude-ls": "1.1.2",
        "type-check": "0.3.2"
      }
    },
    "minimatch": {
      "version": "3.0.4",
      "resolved": "https://registry.npmjs.org/minimatch/-/minimatch-3.0.4.tgz",
      "integrity": "sha512-yJHVQEhyqPLUTgt9B83PXu6W3rx4MvvHvSUvToogpwoGDOUQ+yDrR0HRot+yOCdCO7u4hX3pWft6kWBBcqh0UA==",
      "requires": {
        "brace-expansion": "1.1.11"
      }
    },
    "normalize-path": {
      "version": "2.1.1",
      "resolved": "https://registry.npmjs.org/normalize-path/-/normalize-path-2.1.1.tgz",
      "integrity": "sha1-GrKLVW4Zg2Oowab35vogE3/mrtk=",
      "requires": {
        "remove-trailing-separator": "1.1.0"
      }
    },
    "now-and-later": {
      "version": "2.0.0",
      "resolved": "https://registry.npmjs.org/now-and-later/-/now-and-later-2.0.0.tgz",
      "integrity": "sha1-vGHLtFbXnLMiB85HygUTb/Ln1u4=",
      "requires": {
        "once": "1.4.0"
      }
    },
    "object-keys": {
      "version": "1.0.11",
      "resolved": "https://registry.npmjs.org/object-keys/-/object-keys-1.0.11.tgz",
      "integrity": "sha1-xUYBd4rVYPEULODgG8yotW0TQm0="
    },
    "object.assign": {
      "version": "4.1.0",
      "resolved": "https://registry.npmjs.org/object.assign/-/object.assign-4.1.0.tgz",
      "integrity": "sha512-exHJeq6kBKj58mqGyTQ9DFvrZC/eR6OwxzoM9YRoGBqrXYonaFyGiFMuc9VZrXf7DarreEwMpurG3dd+CNyW5w==",
      "requires": {
        "define-properties": "1.1.2",
        "function-bind": "1.1.1",
        "has-symbols": "1.0.0",
        "object-keys": "1.0.11"
      }
    },
    "once": {
      "version": "1.4.0",
      "resolved": "https://registry.npmjs.org/once/-/once-1.4.0.tgz",
      "integrity": "sha1-WDsap3WWHUsROsF9nFC6753Xa9E=",
      "requires": {
        "wrappy": "1.0.2"
      }
    },
    "optionator": {
      "version": "0.8.2",
      "resolved": "https://registry.npmjs.org/optionator/-/optionator-0.8.2.tgz",
      "integrity": "sha1-NkxeQJ0/TWMB1sC0wFu6UBgK62Q=",
      "requires": {
        "deep-is": "0.1.3",
        "fast-levenshtein": "2.0.6",
        "levn": "0.3.0",
        "prelude-ls": "1.1.2",
        "type-check": "0.3.2",
        "wordwrap": "1.0.0"
      }
    },
    "ordered-read-streams": {
      "version": "1.0.1",
      "resolved": "https://registry.npmjs.org/ordered-read-streams/-/ordered-read-streams-1.0.1.tgz",
      "integrity": "sha1-d8DLN8QVJdZBZtmQ/61+xqDhNj4=",
      "requires": {
        "readable-stream": "2.3.5"
      }
    },
    "parse5": {
      "version": "4.0.0",
      "resolved": "https://registry.npmjs.org/parse5/-/parse5-4.0.0.tgz",
      "integrity": "sha512-VrZ7eOd3T1Fk4XWNXMgiGBK/z0MG48BWG2uQNU4I72fkQuKUTZpl+u9k+CxEG0twMVzSmXEEz12z5Fnw1jIQFA=="
    },
    "path-dirname": {
      "version": "1.0.2",
      "resolved": "https://registry.npmjs.org/path-dirname/-/path-dirname-1.0.2.tgz",
      "integrity": "sha1-zDPSTVJeCZpTiMAzbG4yuRYGCeA="
    },
    "path-is-absolute": {
      "version": "1.0.1",
      "resolved": "https://registry.npmjs.org/path-is-absolute/-/path-is-absolute-1.0.1.tgz",
      "integrity": "sha1-F0uSaHNVNP+8es5r9TpanhtcX18="
    },
    "prelude-ls": {
      "version": "1.1.2",
      "resolved": "https://registry.npmjs.org/prelude-ls/-/prelude-ls-1.1.2.tgz",
      "integrity": "sha1-IZMqVJ9eUv/ZqCf1cOBL5iqX2lQ="
    },
    "process-nextick-args": {
      "version": "2.0.0",
      "resolved": "https://registry.npmjs.org/process-nextick-args/-/process-nextick-args-2.0.0.tgz",
      "integrity": "sha512-MtEC1TqN0EU5nephaJ4rAtThHtC86dNN9qCuEhtshvpVBkAW5ZO7BASN9REnF9eoXGcRub+pFuKEpOHE+HbEMw=="
    },
    "pump": {
      "version": "2.0.1",
      "resolved": "https://registry.npmjs.org/pump/-/pump-2.0.1.tgz",
      "integrity": "sha512-ruPMNRkN3MHP1cWJc9OWr+T/xDP0jhXYCLfJcBuX54hhfIBnaQmAUMfDcG4DM5UMWByBbJY69QSphm3jtDKIkA==",
      "requires": {
        "end-of-stream": "1.4.1",
        "once": "1.4.0"
      }
    },
    "pumpify": {
      "version": "1.4.0",
      "resolved": "https://registry.npmjs.org/pumpify/-/pumpify-1.4.0.tgz",
      "integrity": "sha512-2kmNR9ry+Pf45opRVirpNuIFotsxUGLaYqxIwuR77AYrYRMuFCz9eryHBS52L360O+NcR383CL4QYlMKPq4zYA==",
      "requires": {
        "duplexify": "3.5.4",
        "inherits": "2.0.3",
        "pump": "2.0.1"
      }
    },
    "readable-stream": {
      "version": "2.3.5",
      "resolved": "https://registry.npmjs.org/readable-stream/-/readable-stream-2.3.5.tgz",
      "integrity": "sha512-tK0yDhrkygt/knjowCUiWP9YdV7c5R+8cR0r/kt9ZhBU906Fs6RpQJCEilamRJj1Nx2rWI6LkW9gKqjTkshhEw==",
      "requires": {
        "core-util-is": "1.0.2",
        "inherits": "2.0.3",
        "isarray": "1.0.0",
        "process-nextick-args": "2.0.0",
        "safe-buffer": "5.1.1",
        "string_decoder": "1.0.3",
        "util-deprecate": "1.0.2"
      }
    },
    "remove-bom-buffer": {
      "version": "3.0.0",
      "resolved": "https://registry.npmjs.org/remove-bom-buffer/-/remove-bom-buffer-3.0.0.tgz",
      "integrity": "sha512-8v2rWhaakv18qcvNeli2mZ/TMTL2nEyAKRvzo1WtnZBl15SHyEhrCu2/xKlJyUFKHiHgfXIyuY6g2dObJJycXQ==",
      "requires": {
        "is-buffer": "1.1.6",
        "is-utf8": "0.2.1"
      }
    },
    "remove-bom-stream": {
      "version": "1.2.0",
      "resolved": "https://registry.npmjs.org/remove-bom-stream/-/remove-bom-stream-1.2.0.tgz",
      "integrity": "sha1-BfGlk/FuQuH7kOv1nejlaVJflSM=",
      "requires": {
        "remove-bom-buffer": "3.0.0",
        "safe-buffer": "5.1.1",
        "through2": "2.0.3"
      }
    },
    "remove-trailing-separator": {
      "version": "1.1.0",
      "resolved": "https://registry.npmjs.org/remove-trailing-separator/-/remove-trailing-separator-1.1.0.tgz",
      "integrity": "sha1-wkvOKig62tW8P1jg1IJJuSN52O8="
    },
    "replace-ext": {
      "version": "1.0.0",
      "resolved": "https://registry.npmjs.org/replace-ext/-/replace-ext-1.0.0.tgz",
      "integrity": "sha1-3mMSg3P8v3w8z6TeWkgMRaZ5WOs="
    },
    "resolve-options": {
      "version": "1.1.0",
      "resolved": "https://registry.npmjs.org/resolve-options/-/resolve-options-1.1.0.tgz",
      "integrity": "sha1-MrueOcBtZzONyTeMDW1gdFZq0TE=",
      "requires": {
        "value-or-function": "3.0.0"
      }
    },
    "safe-buffer": {
      "version": "5.1.1",
      "resolved": "https://registry.npmjs.org/safe-buffer/-/safe-buffer-5.1.1.tgz",
      "integrity": "sha512-kKvNJn6Mm93gAczWVJg7wH+wGYWNrDHdWvpUmHyEsgCtIwwo3bqPtV4tR5tuPaUhTOo/kvhVwd8XwwOllGYkbg=="
    },
    "source-map": {
      "version": "0.6.1",
      "resolved": "https://registry.npmjs.org/source-map/-/source-map-0.6.1.tgz",
      "integrity": "sha512-UjgapumWlbMhkBgzT7Ykc5YXUT46F0iKu8SGXq0bcwP5dz/h0Plj6enJqjz1Zbq2l5WaqYnrVbwWOWMyF3F47g==",
      "optional": true
    },
    "stream-shift": {
      "version": "1.0.0",
      "resolved": "https://registry.npmjs.org/stream-shift/-/stream-shift-1.0.0.tgz",
      "integrity": "sha1-1cdSgl5TZ+eG944Y5EXqIjoVWVI="
    },
    "string_decoder": {
      "version": "1.0.3",
      "resolved": "https://registry.npmjs.org/string_decoder/-/string_decoder-1.0.3.tgz",
      "integrity": "sha512-4AH6Z5fzNNBcH+6XDMfA/BTt87skxqJlO0lAh3Dker5zThcAxG6mKz+iGu308UKoPPQ8Dcqx/4JhujzltRa+hQ==",
      "requires": {
        "safe-buffer": "5.1.1"
      }
    },
    "through2": {
      "version": "2.0.3",
      "resolved": "https://registry.npmjs.org/through2/-/through2-2.0.3.tgz",
      "integrity": "sha1-AARWmzfHx0ujnEPzzteNGtlBQL4=",
      "requires": {
        "readable-stream": "2.3.5",
        "xtend": "4.0.1"
      }
    },
    "through2-filter": {
      "version": "2.0.0",
      "resolved": "https://registry.npmjs.org/through2-filter/-/through2-filter-2.0.0.tgz",
      "integrity": "sha1-YLxVoNrLdghdsfna6Zq0P4PWIuw=",
      "requires": {
        "through2": "2.0.3",
        "xtend": "4.0.1"
      }
    },
    "to-absolute-glob": {
      "version": "2.0.2",
      "resolved": "https://registry.npmjs.org/to-absolute-glob/-/to-absolute-glob-2.0.2.tgz",
      "integrity": "sha1-GGX0PZ50sIItufFFt4z/fQ98hJs=",
      "requires": {
        "is-absolute": "1.0.0",
        "is-negated-glob": "1.0.0"
      }
    },
    "to-through": {
      "version": "2.0.0",
      "resolved": "https://registry.npmjs.org/to-through/-/to-through-2.0.0.tgz",
      "integrity": "sha1-/JKtq6ByZHvAtn1rA2ZKoZUJOvY=",
      "requires": {
        "through2": "2.0.3"
      }
    },
    "type-check": {
      "version": "0.3.2",
      "resolved": "https://registry.npmjs.org/type-check/-/type-check-0.3.2.tgz",
      "integrity": "sha1-WITKtRLPHTVeP7eE8wgEsrUg23I=",
      "requires": {
        "prelude-ls": "1.1.2"
      }
    },
    "typescript": {
      "version": "2.7.2",
      "resolved": "https://registry.npmjs.org/typescript/-/typescript-2.7.2.tgz",
      "integrity": "sha512-p5TCYZDAO0m4G344hD+wx/LATebLWZNkkh2asWUFqSsD2OrDNhbAHuSjobrmsUmdzjJjEeZVU9g1h3O6vpstnw==",
      "dev": true
    },
    "unc-path-regex": {
      "version": "0.1.2",
      "resolved": "https://registry.npmjs.org/unc-path-regex/-/unc-path-regex-0.1.2.tgz",
      "integrity": "sha1-5z3T17DXxe2G+6xrCufYxqadUPo="
    },
    "unique-stream": {
      "version": "2.2.1",
      "resolved": "https://registry.npmjs.org/unique-stream/-/unique-stream-2.2.1.tgz",
      "integrity": "sha1-WqADz76Uxf+GbE59ZouxxNuts2k=",
      "requires": {
        "json-stable-stringify": "1.0.1",
        "through2-filter": "2.0.0"
      }
    },
    "util-deprecate": {
      "version": "1.0.2",
      "resolved": "https://registry.npmjs.org/util-deprecate/-/util-deprecate-1.0.2.tgz",
      "integrity": "sha1-RQ1Nyfpw3nMnYvvS1KKJgUGaDM8="
    },
    "value-or-function": {
      "version": "3.0.0",
      "resolved": "https://registry.npmjs.org/value-or-function/-/value-or-function-3.0.0.tgz",
      "integrity": "sha1-HCQ6ULWVwb5Up1S/7OhWO5/42BM="
    },
    "vinyl": {
      "version": "2.1.0",
      "resolved": "https://registry.npmjs.org/vinyl/-/vinyl-2.1.0.tgz",
      "integrity": "sha1-Ah+cLPlR1rk5lDyJ617lrdT9kkw=",
      "requires": {
        "clone": "2.1.1",
        "clone-buffer": "1.0.0",
        "clone-stats": "1.0.0",
        "cloneable-readable": "1.1.2",
        "remove-trailing-separator": "1.1.0",
        "replace-ext": "1.0.0"
      }
    },
    "vinyl-fs": {
      "version": "3.0.2",
      "resolved": "https://registry.npmjs.org/vinyl-fs/-/vinyl-fs-3.0.2.tgz",
      "integrity": "sha512-AUSFda1OukBwuLPBTbyuO4IRWgfXmqC4UTW0f8xrCa8Hkv9oyIU+NSqBlgfOLZRoUt7cHdo75hKQghCywpIyIw==",
      "requires": {
        "fs-mkdirp-stream": "1.0.0",
        "glob-stream": "6.1.0",
        "graceful-fs": "4.1.11",
        "is-valid-glob": "1.0.0",
        "lazystream": "1.0.0",
        "lead": "1.0.0",
        "object.assign": "4.1.0",
        "pumpify": "1.4.0",
        "readable-stream": "2.3.5",
        "remove-bom-buffer": "3.0.0",
        "remove-bom-stream": "1.2.0",
        "resolve-options": "1.1.0",
        "through2": "2.0.3",
        "to-through": "2.0.0",
        "value-or-function": "3.0.0",
        "vinyl": "2.1.0",
        "vinyl-sourcemap": "1.1.0"
      }
    },
    "vinyl-source-stream": {
      "version": "2.0.0",
      "resolved": "https://registry.npmjs.org/vinyl-source-stream/-/vinyl-source-stream-2.0.0.tgz",
      "integrity": "sha1-84pa+53R6Ttl1VBGmsYYKsT1S44=",
      "requires": {
        "through2": "2.0.3",
        "vinyl": "2.1.0"
      }
    },
    "vinyl-sourcemap": {
      "version": "1.1.0",
      "resolved": "https://registry.npmjs.org/vinyl-sourcemap/-/vinyl-sourcemap-1.1.0.tgz",
      "integrity": "sha1-kqgAWTo4cDqM2xHYswCtS+Y7PhY=",
      "requires": {
        "append-buffer": "1.0.2",
        "convert-source-map": "1.5.1",
        "graceful-fs": "4.1.11",
        "normalize-path": "2.1.1",
        "now-and-later": "2.0.0",
        "remove-bom-buffer": "3.0.0",
        "vinyl": "2.1.0"
      }
    },
    "wordwrap": {
      "version": "1.0.0",
      "resolved": "https://registry.npmjs.org/wordwrap/-/wordwrap-1.0.0.tgz",
      "integrity": "sha1-J1hIEIkUVqQXHI0CJkQa3pDLyus="
    },
    "wrappy": {
      "version": "1.0.2",
      "resolved": "https://registry.npmjs.org/wrappy/-/wrappy-1.0.2.tgz",
      "integrity": "sha1-tSQ9jz7BqjXxNkYFvA0QNuMKtp8="
    },
    "xtend": {
      "version": "4.0.1",
      "resolved": "https://registry.npmjs.org/xtend/-/xtend-4.0.1.tgz",
      "integrity": "sha1-pcbVMr5lbiPbgg77lDofBJmNY68="
    }
  }
}
